
Microsoft Visual Studio Solution File, Format Version 12.00
# Visual Studio Version 17
VisualStudioVersion = 17.3.32804.467
MinimumVisualStudioVersion = 10.0.40219.1
Project("{FAE04EC0-301F-11D3-BF4B-00C04F79EFBC}") = "tic-tac-toe", "tic-tac-toe\tic-tac-toe.csproj", "{6BA4AC71-D314-4C93-83FC-C25773F620BE}"
EndProject
Global
	GlobalSection(SolutionConfigurationPlatforms) = preSolution
		Debug|Any CPU = Debug|Any CPU
		Release|Any CPU = Release|Any CPU
	EndGlobalSection
	GlobalSection(ProjectConfigurationPlatforms) = postSolution
		{6BA4AC71-D314-4C93-83FC-C25773F620BE}.Debug|Any CPU.ActiveCfg = Debug|Any CPU
		{6BA4AC71-D314-4C93-83FC-C25773F620BE}.Debug|Any CPU.Build.0 = Debug|Any CPU
		{6BA4AC71-D314-4C93-83FC-C25773F620BE}.Release|Any CPU.ActiveCfg = Release|Any CPU
		{6BA4AC71-D314-4C93-83FC-C25773F620BE}.Release|Any CPU.Build.0 = Release|Any CPU
	EndGlobalSection
	GlobalSection(SolutionProperties) = preSolution
		HideSolutionNode = FALSE
	EndGlobalSection
	GlobalSection(ExtensibilityGlobals) = postSolution
		SolutionGuid = {51D53E9F-D82B-4277-B7D4-6ACF88C4E183}
	EndGlobalSection
EndGlobal
